
Microsoft Visual Studio Solution File, Format Version 12.00
# Visual Studio 2015
Project("{FAE04EC0-301F-11D3-BF4B-00C04F79EFBC}") = "EJShoot.CSharp", "EJShoot.CSharp.csproj", "{D4E63466-4FD4-4D7F-47C7-32882CC92670}"
EndProject
Project("{FAE04EC0-301F-11D3-BF4B-00C04F79EFBC}") = "EJShoot.CSharp.Editor", "EJShoot.CSharp.Editor.csproj", "{805F5364-FF22-4CAF-3FD9-0107E2E0FEAF}"
EndProject
Global
	GlobalSection(SolutionConfigurationPlatforms) = preSolution
		Debug|Any CPU = Debug|Any CPU
		Release|Any CPU = Release|Any CPU
	EndGlobalSection
	GlobalSection(ProjectConfigurationPlatforms) = postSolution
		{D4E63466-4FD4-4D7F-47C7-32882CC92670}.Debug|Any CPU.ActiveCfg = Debug|Any CPU
		{D4E63466-4FD4-4D7F-47C7-32882CC92670}.Debug|Any CPU.Build.0 = Debug|Any CPU
		{D4E63466-4FD4-4D7F-47C7-32882CC92670}.Release|Any CPU.ActiveCfg = Release|Any CPU
		{D4E63466-4FD4-4D7F-47C7-32882CC92670}.Release|Any CPU.Build.0 = Release|Any CPU
		{805F5364-FF22-4CAF-3FD9-0107E2E0FEAF}.Debug|Any CPU.ActiveCfg = Debug|Any CPU
		{805F5364-FF22-4CAF-3FD9-0107E2E0FEAF}.Debug|Any CPU.Build.0 = Debug|Any CPU
		{805F5364-FF22-4CAF-3FD9-0107E2E0FEAF}.Release|Any CPU.ActiveCfg = Release|Any CPU
		{805F5364-FF22-4CAF-3FD9-0107E2E0FEAF}.Release|Any CPU.Build.0 = Release|Any CPU
	EndGlobalSection
	GlobalSection(SolutionProperties) = preSolution
		HideSolutionNode = FALSE
	EndGlobalSection
EndGlobal
